
Microsoft Visual Studio Solution File, Format Version 12.00
# Visual Studio Version 16
VisualStudioVersion = 16.0.29009.5
MinimumVisualStudioVersion = 10.0.40219.1
Project("{FAE04EC0-301F-11D3-BF4B-00C04F79EFBC}") = "MatrixGB", "MatrixGB.csproj", "{590E9624-3A1D-4E38-940B-54C44BA2BC60}"
EndProject
Global
	GlobalSection(SolutionConfigurationPlatforms) = preSolution
		Debug|Any CPU = Debug|Any CPU
		Release|Any CPU = Release|Any CPU
	EndGlobalSection
	GlobalSection(ProjectConfigurationPlatforms) = postSolution
		{590E9624-3A1D-4E38-940B-54C44BA2BC60}.Debug|Any CPU.ActiveCfg = Debug|Any CPU
		{590E9624-3A1D-4E38-940B-54C44BA2BC60}.Debug|Any CPU.Build.0 = Debug|Any CPU
		{590E9624-3A1D-4E38-940B-54C44BA2BC60}.Release|Any CPU.ActiveCfg = Release|Any CPU
		{590E9624-3A1D-4E38-940B-54C44BA2BC60}.Release|Any CPU.Build.0 = Release|Any CPU
	EndGlobalSection
	GlobalSection(SolutionProperties) = preSolution
		HideSolutionNode = FALSE
	EndGlobalSection
	GlobalSection(ExtensibilityGlobals) = postSolution
		SolutionGuid = {26E00FD9-503A-4126-9628-75B5B7E4A1C8}
	EndGlobalSection
EndGlobal
